// !$*UTF8*$!
{
	archiveVersion = 1;
	classes = {
	};
	objectVersion = 51;
	objects = {

/* Begin PBXBuildFile section */
		702FD95C32A6BE196EF97E0E /* Pods_Oskar.framework in Frameworks */ = {isa = PBXBuildFile; fileRef = 4D4DC4F1ADF42FAD4D4AD6DA /* Pods_Oskar.framework */; };
		71585514228AE049005B6618 /* AppDelegate.swift in Sources */ = {isa = PBXBuildFile; fileRef = 71585513228AE049005B6618 /* AppDelegate.swift */; };
		71585516228AE049005B6618 /* art.scnassets in Resources */ = {isa = PBXBuildFile; fileRef = 71585515228AE049005B6618 /* art.scnassets */; };
		71585518228AE049005B6618 /* ViewController.swift in Sources */ = {isa = PBXBuildFile; fileRef = 71585517228AE049005B6618 /* ViewController.swift */; };
		7158551B228AE049005B6618 /* Main.storyboard in Resources */ = {isa = PBXBuildFile; fileRef = 71585519228AE049005B6618 /* Main.storyboard */; };
		7158551D228AE04A005B6618 /* Assets.xcassets in Resources */ = {isa = PBXBuildFile; fileRef = 7158551C228AE04A005B6618 /* Assets.xcassets */; };
		71585520228AE04A005B6618 /* LaunchScreen.storyboard in Resources */ = {isa = PBXBuildFile; fileRef = 7158551E228AE04A005B6618 /* LaunchScreen.storyboard */; };
		71585528228AE314005B6618 /* NodeManager.swift in Sources */ = {isa = PBXBuildFile; fileRef = 71585527228AE314005B6618 /* NodeManager.swift */; };
		7158552A228AE33A005B6618 /* ViewModel.swift in Sources */ = {isa = PBXBuildFile; fileRef = 71585529228AE33A005B6618 /* ViewModel.swift */; };
		7158552C228AE481005B6618 /* Geometry.swift in Sources */ = {isa = PBXBuildFile; fileRef = 7158552B228AE481005B6618 /* Geometry.swift */; };
		7158552E228AE485005B6618 /* SCNVector3+Extensions.swift in Sources */ = {isa = PBXBuildFile; fileRef = 7158552D228AE485005B6618 /* SCNVector3+Extensions.swift */; };
		71585530228AE48B005B6618 /* SCNNode+Debug.swift in Sources */ = {isa = PBXBuildFile; fileRef = 7158552F228AE48B005B6618 /* SCNNode+Debug.swift */; };
		71585532228AE4E1005B6618 /* FaceMeshNode.swift in Sources */ = {isa = PBXBuildFile; fileRef = 71585531228AE4E1005B6618 /* FaceMeshNode.swift */; };
		71585535228AE500005B6618 /* VirtualContentUpdater.swift in Sources */ = {isa = PBXBuildFile; fileRef = 71585534228AE500005B6618 /* VirtualContentUpdater.swift */; };
		71585537228AE53F005B6618 /* VirtualFaceContent.swift in Sources */ = {isa = PBXBuildFile; fileRef = 71585536228AE53F005B6618 /* VirtualFaceContent.swift */; };
		71585539228AE55C005B6618 /* GlassesNode.swift in Sources */ = {isa = PBXBuildFile; fileRef = 71585538228AE55B005B6618 /* GlassesNode.swift */; };
		7158553B228AE745005B6618 /* ARFaceGeometry+GlassPosition.swift in Sources */ = {isa = PBXBuildFile; fileRef = 7158553A228AE745005B6618 /* ARFaceGeometry+GlassPosition.swift */; };
		7158553D228AE771005B6618 /* MaskModel.swift in Sources */ = {isa = PBXBuildFile; fileRef = 7158553C228AE771005B6618 /* MaskModel.swift */; };
		71585540228AE910005B6618 /* MaskSize.swift in Sources */ = {isa = PBXBuildFile; fileRef = 7158553F228AE910005B6618 /* MaskSize.swift */; };
		71585542228AE960005B6618 /* Matrix4+Extensions.swift in Sources */ = {isa = PBXBuildFile; fileRef = 71585541228AE960005B6618 /* Matrix4+Extensions.swift */; };
		71585546228AE9D9005B6618 /* PlasticColor.swift in Sources */ = {isa = PBXBuildFile; fileRef = 71585543228AE9D9005B6618 /* PlasticColor.swift */; };
		71585547228AE9D9005B6618 /* LensColor.swift in Sources */ = {isa = PBXBuildFile; fileRef = 71585544228AE9D9005B6618 /* LensColor.swift */; };
		71585548228AE9D9005B6618 /* MetalColor.swift in Sources */ = {isa = PBXBuildFile; fileRef = 71585545228AE9D9005B6618 /* MetalColor.swift */; };
		7158554A228AEA03005B6618 /* SCNNode+Extension.swift in Sources */ = {isa = PBXBuildFile; fileRef = 71585549228AEA03005B6618 /* SCNNode+Extension.swift */; };
		7158554C228AEA5D005B6618 /* SCNNode+LoadFromFile.swift in Sources */ = {isa = PBXBuildFile; fileRef = 7158554B228AEA5D005B6618 /* SCNNode+LoadFromFile.swift */; };
		7158554E228AEAA0005B6618 /* MaskModification.swift in Sources */ = {isa = PBXBuildFile; fileRef = 7158554D228AEAA0005B6618 /* MaskModification.swift */; };
		71585550228AEFB5005B6618 /* SCNMaterial+Metals.swift in Sources */ = {isa = PBXBuildFile; fileRef = 7158554F228AEFB5005B6618 /* SCNMaterial+Metals.swift */; };
		71585552228AEFFC005B6618 /* TempleMode.swift in Sources */ = {isa = PBXBuildFile; fileRef = 71585551228AEFFC005B6618 /* TempleMode.swift */; };
		71585554228AF013005B6618 /* GlassesPosition.swift in Sources */ = {isa = PBXBuildFile; fileRef = 71585553228AF013005B6618 /* GlassesPosition.swift */; };
		71585556228AF0C3005B6618 /* LoadPlist.swift in Sources */ = {isa = PBXBuildFile; fileRef = 71585555228AF0C3005B6618 /* LoadPlist.swift */; };
		71585558228AF149005B6618 /* Models.plist in Resources */ = {isa = PBXBuildFile; fileRef = 71585557228AF149005B6618 /* Models.plist */; };
		7158555A228AF337005B6618 /* SCNMaterial+LensColor.swift in Sources */ = {isa = PBXBuildFile; fileRef = 71585559228AF337005B6618 /* SCNMaterial+LensColor.swift */; };
		7158555C228B0B1E005B6618 /* UIInterfaceOrientation+DebugStringConvertible.swift in Sources */ = {isa = PBXBuildFile; fileRef = 7158555B228B0B1E005B6618 /* UIInterfaceOrientation+DebugStringConvertible.swift */; };
		71CA3AC122BD277300DC26F9 /* voiceover.mp3 in Resources */ = {isa = PBXBuildFile; fileRef = 71CA3AC022BD277300DC26F9 /* voiceover.mp3 */; };
		71CA3AC322BD280C00DC26F9 /* Settings.bundle in Resources */ = {isa = PBXBuildFile; fileRef = 71CA3AC222BD280C00DC26F9 /* Settings.bundle */; };
		71F858A5228C6623007CB112 /* GrafixColors.xcassets in Resources */ = {isa = PBXBuildFile; fileRef = 71F858A4228C6623007CB112 /* GrafixColors.xcassets */; };
		71F858A7228C8A32007CB112 /* Smoother.swift in Sources */ = {isa = PBXBuildFile; fileRef = 71F858A6228C8A32007CB112 /* Smoother.swift */; };
/* End PBXBuildFile section */

/* Begin PBXFileReference section */
		46A59D251E8669754506675B /* Pods-Oskar.debug.xcconfig */ = {isa = PBXFileReference; includeInIndex = 1; lastKnownFileType = text.xcconfig; name = "Pods-Oskar.debug.xcconfig"; path = "Target Support Files/Pods-Oskar/Pods-Oskar.debug.xcconfig"; sourceTree = "<group>"; };
		4D4DC4F1ADF42FAD4D4AD6DA /* Pods_Oskar.framework */ = {isa = PBXFileReference; explicitFileType = wrapper.framework; includeInIndex = 0; path = Pods_Oskar.framework; sourceTree = BUILT_PRODUCTS_DIR; };
		71585510228AE049005B6618 /* Oskar.app */ = {isa = PBXFileReference; explicitFileType = wrapper.application; includeInIndex = 0; path = Oskar.app; sourceTree = BUILT_PRODUCTS_DIR; };
		71585513228AE049005B6618 /* AppDelegate.swift */ = {isa = PBXFileReference; lastKnownFileType = sourcecode.swift; path = AppDelegate.swift; sourceTree = "<group>"; };
		71585515228AE049005B6618 /* art.scnassets */ = {isa = PBXFileReference; lastKnownFileType = wrapper.scnassets; path = art.scnassets; sourceTree = "<group>"; };
		71585517228AE049005B6618 /* ViewController.swift */ = {isa = PBXFileReference; lastKnownFileType = sourcecode.swift; path = ViewController.swift; sourceTree = "<group>"; };
		7158551A228AE049005B6618 /* Base */ = {isa = PBXFileReference; lastKnownFileType = file.storyboard; name = Base; path = Base.lproj/Main.storyboard; sourceTree = "<group>"; };
		7158551C228AE04A005B6618 /* Assets.xcassets */ = {isa = PBXFileReference; lastKnownFileType = folder.assetcatalog; path = Assets.xcassets; sourceTree = "<group>"; };
		7158551F228AE04A005B6618 /* Base */ = {isa = PBXFileReference; lastKnownFileType = file.storyboard; name = Base; path = Base.lproj/LaunchScreen.storyboard; sourceTree = "<group>"; };
		71585521228AE04A005B6618 /* Info.plist */ = {isa = PBXFileReference; lastKnownFileType = text.plist.xml; path = Info.plist; sourceTree = "<group>"; };
		71585527228AE314005B6618 /* NodeManager.swift */ = {isa = PBXFileReference; fileEncoding = 4; lastKnownFileType = sourcecode.swift; path = NodeManager.swift; sourceTree = "<group>"; };
		71585529228AE33A005B6618 /* ViewModel.swift */ = {isa = PBXFileReference; lastKnownFileType = sourcecode.swift; path = ViewModel.swift; sourceTree = "<group>"; };
		7158552B228AE481005B6618 /* Geometry.swift */ = {isa = PBXFileReference; fileEncoding = 4; lastKnownFileType = sourcecode.swift; path = Geometry.swift; sourceTree = "<group>"; };
		7158552D228AE485005B6618 /* SCNVector3+Extensions.swift */ = {isa = PBXFileReference; fileEncoding = 4; lastKnownFileType = sourcecode.swift; path = "SCNVector3+Extensions.swift"; sourceTree = "<group>"; };
		7158552F228AE48B005B6618 /* SCNNode+Debug.swift */ = {isa = PBXFileReference; fileEncoding = 4; lastKnownFileType = sourcecode.swift; path = "SCNNode+Debug.swift"; sourceTree = "<group>"; };
		71585531228AE4E1005B6618 /* FaceMeshNode.swift */ = {isa = PBXFileReference; fileEncoding = 4; lastKnownFileType = sourcecode.swift; path = FaceMeshNode.swift; sourceTree = "<group>"; };
		71585534228AE500005B6618 /* VirtualContentUpdater.swift */ = {isa = PBXFileReference; fileEncoding = 4; lastKnownFileType = sourcecode.swift; path = VirtualContentUpdater.swift; sourceTree = "<group>"; };
		71585536228AE53F005B6618 /* VirtualFaceContent.swift */ = {isa = PBXFileReference; fileEncoding = 4; lastKnownFileType = sourcecode.swift; path = VirtualFaceContent.swift; sourceTree = "<group>"; };
		71585538228AE55B005B6618 /* GlassesNode.swift */ = {isa = PBXFileReference; fileEncoding = 4; lastKnownFileType = sourcecode.swift; path = GlassesNode.swift; sourceTree = "<group>"; };
		7158553A228AE745005B6618 /* ARFaceGeometry+GlassPosition.swift */ = {isa = PBXFileReference; fileEncoding = 4; lastKnownFileType = sourcecode.swift; path = "ARFaceGeometry+GlassPosition.swift"; sourceTree = "<group>"; };
		7158553C228AE771005B6618 /* MaskModel.swift */ = {isa = PBXFileReference; fileEncoding = 4; lastKnownFileType = sourcecode.swift; path = MaskModel.swift; sourceTree = "<group>"; };
		7158553F228AE910005B6618 /* MaskSize.swift */ = {isa = PBXFileReference; fileEncoding = 4; lastKnownFileType = sourcecode.swift; path = MaskSize.swift; sourceTree = "<group>"; };
		71585541228AE960005B6618 /* Matrix4+Extensions.swift */ = {isa = PBXFileReference; fileEncoding = 4; lastKnownFileType = sourcecode.swift; path = "Matrix4+Extensions.swift"; sourceTree = "<group>"; };
		71585543228AE9D9005B6618 /* PlasticColor.swift */ = {isa = PBXFileReference; fileEncoding = 4; lastKnownFileType = sourcecode.swift; path = PlasticColor.swift; sourceTree = "<group>"; };
		71585544228AE9D9005B6618 /* LensColor.swift */ = {isa = PBXFileReference; fileEncoding = 4; lastKnownFileType = sourcecode.swift; path = LensColor.swift; sourceTree = "<group>"; };
		71585545228AE9D9005B6618 /* MetalColor.swift */ = {isa = PBXFileReference; fileEncoding = 4; lastKnownFileType = sourcecode.swift; path = MetalColor.swift; sourceTree = "<group>"; };
		71585549228AEA03005B6618 /* SCNNode+Extension.swift */ = {isa = PBXFileReference; fileEncoding = 4; lastKnownFileType = sourcecode.swift; path = "SCNNode+Extension.swift"; sourceTree = "<group>"; };
		7158554B228AEA5D005B6618 /* SCNNode+LoadFromFile.swift */ = {isa = PBXFileReference; fileEncoding = 4; lastKnownFileType = sourcecode.swift; path = "SCNNode+LoadFromFile.swift"; sourceTree = "<group>"; };
		7158554D228AEAA0005B6618 /* MaskModification.swift */ = {isa = PBXFileReference; fileEncoding = 4; lastKnownFileType = sourcecode.swift; path = MaskModification.swift; sourceTree = "<group>"; };
		7158554F228AEFB5005B6618 /* SCNMaterial+Metals.swift */ = {isa = PBXFileReference; fileEncoding = 4; lastKnownFileType = sourcecode.swift; path = "SCNMaterial+Metals.swift"; sourceTree = "<group>"; };
		71585551228AEFFC005B6618 /* TempleMode.swift */ = {isa = PBXFileReference; fileEncoding = 4; lastKnownFileType = sourcecode.swift; path = TempleMode.swift; sourceTree = "<group>"; };
		71585553228AF013005B6618 /* GlassesPosition.swift */ = {isa = PBXFileReference; fileEncoding = 4; lastKnownFileType = sourcecode.swift; path = GlassesPosition.swift; sourceTree = "<group>"; };
		71585555228AF0C3005B6618 /* LoadPlist.swift */ = {isa = PBXFileReference; fileEncoding = 4; lastKnownFileType = sourcecode.swift; path = LoadPlist.swift; sourceTree = "<group>"; };
		71585557228AF149005B6618 /* Models.plist */ = {isa = PBXFileReference; fileEncoding = 4; lastKnownFileType = text.plist.xml; path = Models.plist; sourceTree = "<group>"; };
		71585559228AF337005B6618 /* SCNMaterial+LensColor.swift */ = {isa = PBXFileReference; fileEncoding = 4; lastKnownFileType = sourcecode.swift; path = "SCNMaterial+LensColor.swift"; sourceTree = "<group>"; };
		7158555B228B0B1E005B6618 /* UIInterfaceOrientation+DebugStringConvertible.swift */ = {isa = PBXFileReference; lastKnownFileType = sourcecode.swift; path = "UIInterfaceOrientation+DebugStringConvertible.swift"; sourceTree = "<group>"; };
		71CA3AC022BD277300DC26F9 /* voiceover.mp3 */ = {isa = PBXFileReference; lastKnownFileType = audio.mp3; path = voiceover.mp3; sourceTree = "<group>"; };
		71CA3AC222BD280C00DC26F9 /* Settings.bundle */ = {isa = PBXFileReference; lastKnownFileType = "wrapper.plug-in"; path = Settings.bundle; sourceTree = "<group>"; };
		71F858A4228C6623007CB112 /* GrafixColors.xcassets */ = {isa = PBXFileReference; lastKnownFileType = folder.assetcatalog; path = GrafixColors.xcassets; sourceTree = "<group>"; };
		71F858A6228C8A32007CB112 /* Smoother.swift */ = {isa = PBXFileReference; fileEncoding = 4; lastKnownFileType = sourcecode.swift; path = Smoother.swift; sourceTree = "<group>"; };
		7AB863BE7770AF24FB878263 /* Pods-Oskar.release.xcconfig */ = {isa = PBXFileReference; includeInIndex = 1; lastKnownFileType = text.xcconfig; name = "Pods-Oskar.release.xcconfig"; path = "Target Support Files/Pods-Oskar/Pods-Oskar.release.xcconfig"; sourceTree = "<group>"; };
/* End PBXFileReference section */

/* Begin PBXFrameworksBuildPhase section */
		7158550D228AE049005B6618 /* Frameworks */ = {
			isa = PBXFrameworksBuildPhase;
			buildActionMask = 2147483647;
			files = (
				702FD95C32A6BE196EF97E0E /* Pods_Oskar.framework in Frameworks */,
			);
			runOnlyForDeploymentPostprocessing = 0;
		};
/* End PBXFrameworksBuildPhase section */

/* Begin PBXGroup section */
		1BAD542424F81D4F74B8B1C0 /* Pods */ = {
			isa = PBXGroup;
			children = (
				46A59D251E8669754506675B /* Pods-Oskar.debug.xcconfig */,
				7AB863BE7770AF24FB878263 /* Pods-Oskar.release.xcconfig */,
			);
			path = Pods;
			sourceTree = "<group>";
		};
		3E30FF298318DC3A3F720076 /* Frameworks */ = {
			isa = PBXGroup;
			children = (
				4D4DC4F1ADF42FAD4D4AD6DA /* Pods_Oskar.framework */,
			);
			name = Frameworks;
			sourceTree = "<group>";
		};
		71585507228AE049005B6618 = {
			isa = PBXGroup;
			children = (
				71585512228AE049005B6618 /* Oskar */,
				71585511228AE049005B6618 /* Products */,
				1BAD542424F81D4F74B8B1C0 /* Pods */,
				3E30FF298318DC3A3F720076 /* Frameworks */,
			);
			sourceTree = "<group>";
		};
		71585511228AE049005B6618 /* Products */ = {
			isa = PBXGroup;
			children = (
				71585510228AE049005B6618 /* Oskar.app */,
			);
			name = Products;
			sourceTree = "<group>";
		};
		71585512228AE049005B6618 /* Oskar */ = {
			isa = PBXGroup;
			children = (
				71585513228AE049005B6618 /* AppDelegate.swift */,
				71585517228AE049005B6618 /* ViewController.swift */,
				71585529228AE33A005B6618 /* ViewModel.swift */,
				71585527228AE314005B6618 /* NodeManager.swift */,
				71CA3AC022BD277300DC26F9 /* voiceover.mp3 */,
				7158555D228B19C6005B6618 /* Virtual Face Content */,
				7158553E228AE777005B6618 /* Model */,
				71585533228AE4E7005B6618 /* Extensions */,
				71585519228AE049005B6618 /* Main.storyboard */,
				71F858A4228C6623007CB112 /* GrafixColors.xcassets */,
				71585515228AE049005B6618 /* art.scnassets */,
				7158551C228AE04A005B6618 /* Assets.xcassets */,
				71585557228AF149005B6618 /* Models.plist */,
				7158551E228AE04A005B6618 /* LaunchScreen.storyboard */,
				71585521228AE04A005B6618 /* Info.plist */,
				71CA3AC222BD280C00DC26F9 /* Settings.bundle */,
			);
			path = Oskar;
			sourceTree = "<group>";
		};
		71585533228AE4E7005B6618 /* Extensions */ = {
			isa = PBXGroup;
			children = (
				71585559228AF337005B6618 /* SCNMaterial+LensColor.swift */,
				71585541228AE960005B6618 /* Matrix4+Extensions.swift */,
				7158553A228AE745005B6618 /* ARFaceGeometry+GlassPosition.swift */,
				7158552B228AE481005B6618 /* Geometry.swift */,
				7158552D228AE485005B6618 /* SCNVector3+Extensions.swift */,
				7158554B228AEA5D005B6618 /* SCNNode+LoadFromFile.swift */,
				7158554F228AEFB5005B6618 /* SCNMaterial+Metals.swift */,
				7158552F228AE48B005B6618 /* SCNNode+Debug.swift */,
				71585549228AEA03005B6618 /* SCNNode+Extension.swift */,
				7158555B228B0B1E005B6618 /* UIInterfaceOrientation+DebugStringConvertible.swift */,
			);
			path = Extensions;
			sourceTree = "<group>";
		};
		7158553E228AE777005B6618 /* Model */ = {
			isa = PBXGroup;
			children = (
				7158553C228AE771005B6618 /* MaskModel.swift */,
				7158554D228AEAA0005B6618 /* MaskModification.swift */,
				7158553F228AE910005B6618 /* MaskSize.swift */,
				71585544228AE9D9005B6618 /* LensColor.swift */,
				71585545228AE9D9005B6618 /* MetalColor.swift */,
				71585543228AE9D9005B6618 /* PlasticColor.swift */,
			);
			path = Model;
			sourceTree = "<group>";
		};
		7158555D228B19C6005B6618 /* Virtual Face Content */ = {
			isa = PBXGroup;
			children = (
				71585534228AE500005B6618 /* VirtualContentUpdater.swift */,
				71585536228AE53F005B6618 /* VirtualFaceContent.swift */,
				71585531228AE4E1005B6618 /* FaceMeshNode.swift */,
				71585538228AE55B005B6618 /* GlassesNode.swift */,
				71585551228AEFFC005B6618 /* TempleMode.swift */,
				71585553228AF013005B6618 /* GlassesPosition.swift */,
				71585555228AF0C3005B6618 /* LoadPlist.swift */,
				71F858A6228C8A32007CB112 /* Smoother.swift */,
			);
			path = "Virtual Face Content";
			sourceTree = "<group>";
		};
/* End PBXGroup section */

/* Begin PBXNativeTarget section */
		7158550F228AE049005B6618 /* Oskar */ = {
			isa = PBXNativeTarget;
			buildConfigurationList = 71585524228AE04A005B6618 /* Build configuration list for PBXNativeTarget "Oskar" */;
			buildPhases = (
				A51A3ABC984E7FD453AF1E9D /* [CP] Check Pods Manifest.lock */,
				7158550C228AE049005B6618 /* Sources */,
				7158550D228AE049005B6618 /* Frameworks */,
				7158550E228AE049005B6618 /* Resources */,
				CC31BA567B3446AB9AFEBABC /* [CP] Embed Pods Frameworks */,
			);
			buildRules = (
			);
			dependencies = (
			);
			name = Oskar;
			productName = Oskar;
			productReference = 71585510228AE049005B6618 /* Oskar.app */;
			productType = "com.apple.product-type.application";
		};
/* End PBXNativeTarget section */

/* Begin PBXProject section */
		71585508228AE049005B6618 /* Project object */ = {
			isa = PBXProject;
			attributes = {
				LastSwiftUpdateCheck = 1020;
				LastUpgradeCheck = 1230;
				ORGANIZATIONNAME = "Konrad Feiler";
				TargetAttributes = {
					7158550F228AE049005B6618 = {
						CreatedOnToolsVersion = 10.2.1;
					};
				};
			};
			buildConfigurationList = 7158550B228AE049005B6618 /* Build configuration list for PBXProject "Oskar" */;
			compatibilityVersion = "Xcode 9.3";
			developmentRegion = en;
			hasScannedForEncodings = 0;
			knownRegions = (
				en,
				Base,
			);
			mainGroup = 71585507228AE049005B6618;
			productRefGroup = 71585511228AE049005B6618 /* Products */;
			projectDirPath = "";
			projectRoot = "";
			targets = (
				7158550F228AE049005B6618 /* Oskar */,
			);
		};
/* End PBXProject section */

/* Begin PBXResourcesBuildPhase section */
		7158550E228AE049005B6618 /* Resources */ = {
			isa = PBXResourcesBuildPhase;
			buildActionMask = 2147483647;
			files = (
				71CA3AC322BD280C00DC26F9 /* Settings.bundle in Resources */,
				71585558228AF149005B6618 /* Models.plist in Resources */,
				71585516228AE049005B6618 /* art.scnassets in Resources */,
				71F858A5228C6623007CB112 /* GrafixColors.xcassets in Resources */,
				71CA3AC122BD277300DC26F9 /* voiceover.mp3 in Resources */,
				71585520228AE04A005B6618 /* LaunchScreen.storyboard in Resources */,
				7158551D228AE04A005B6618 /* Assets.xcassets in Resources */,
				7158551B228AE049005B6618 /* Main.storyboard in Resources */,
			);
			runOnlyForDeploymentPostprocessing = 0;
		};
/* End PBXResourcesBuildPhase section */

/* Begin PBXShellScriptBuildPhase section */
		A51A3ABC984E7FD453AF1E9D /* [CP] Check Pods Manifest.lock */ = {
			isa = PBXShellScriptBuildPhase;
			buildActionMask = 2147483647;
			files = (
			);
			inputFileListPaths = (
			);
			inputPaths = (
				"${PODS_PODFILE_DIR_PATH}/Podfile.lock",
				"${PODS_ROOT}/Manifest.lock",
			);
			name = "[CP] Check Pods Manifest.lock";
			outputFileListPaths = (
			);
			outputPaths = (
				"$(DERIVED_FILE_DIR)/Pods-Oskar-checkManifestLockResult.txt",
			);
			runOnlyForDeploymentPostprocessing = 0;
			shellPath = /bin/sh;
			shellScript = "diff \"${PODS_PODFILE_DIR_PATH}/Podfile.lock\" \"${PODS_ROOT}/Manifest.lock\" > /dev/null\nif [ $? != 0 ] ; then\n    # print error to STDERR\n    echo \"error: The sandbox is not in sync with the Podfile.lock. Run 'pod install' or update your CocoaPods installation.\" >&2\n    exit 1\nfi\n# This output is used by Xcode 'outputs' to avoid re-running this script phase.\necho \"SUCCESS\" > \"${SCRIPT_OUTPUT_FILE_0}\"\n";
			showEnvVarsInLog = 0;
		};
		CC31BA567B3446AB9AFEBABC /* [CP] Embed Pods Frameworks */ = {
			isa = PBXShellScriptBuildPhase;
			buildActionMask = 2147483647;
			files = (
			);
			inputFileListPaths = (
				"${PODS_ROOT}/Target Support Files/Pods-Oskar/Pods-Oskar-frameworks-${CONFIGURATION}-input-files.xcfilelist",
			);
			name = "[CP] Embed Pods Frameworks";
			outputFileListPaths = (
				"${PODS_ROOT}/Target Support Files/Pods-Oskar/Pods-Oskar-frameworks-${CONFIGURATION}-output-files.xcfilelist",
			);
			runOnlyForDeploymentPostprocessing = 0;
			shellPath = /bin/sh;
			shellScript = "\"${PODS_ROOT}/Target Support Files/Pods-Oskar/Pods-Oskar-frameworks.sh\"\n";
			showEnvVarsInLog = 0;
		};
/* End PBXShellScriptBuildPhase section */

/* Begin PBXSourcesBuildPhase section */
		7158550C228AE049005B6618 /* Sources */ = {
			isa = PBXSourcesBuildPhase;
			buildActionMask = 2147483647;
			files = (
				71585530228AE48B005B6618 /* SCNNode+Debug.swift in Sources */,
				71585542228AE960005B6618 /* Matrix4+Extensions.swift in Sources */,
				7158554C228AEA5D005B6618 /* SCNNode+LoadFromFile.swift in Sources */,
				7158553B228AE745005B6618 /* ARFaceGeometry+GlassPosition.swift in Sources */,
				71585518228AE049005B6618 /* ViewController.swift in Sources */,
				7158555C228B0B1E005B6618 /* UIInterfaceOrientation+DebugStringConvertible.swift in Sources */,
				7158554E228AEAA0005B6618 /* MaskModification.swift in Sources */,
				71585535228AE500005B6618 /* VirtualContentUpdater.swift in Sources */,
				71585554228AF013005B6618 /* GlassesPosition.swift in Sources */,
				7158554A228AEA03005B6618 /* SCNNode+Extension.swift in Sources */,
				71F858A7228C8A32007CB112 /* Smoother.swift in Sources */,
				7158555A228AF337005B6618 /* SCNMaterial+LensColor.swift in Sources */,
				7158552E228AE485005B6618 /* SCNVector3+Extensions.swift in Sources */,
				71585556228AF0C3005B6618 /* LoadPlist.swift in Sources */,
				71585539228AE55C005B6618 /* GlassesNode.swift in Sources */,
				71585540228AE910005B6618 /* MaskSize.swift in Sources */,
				71585528228AE314005B6618 /* NodeManager.swift in Sources */,
				71585548228AE9D9005B6618 /* MetalColor.swift in Sources */,
				7158552A228AE33A005B6618 /* ViewModel.swift in Sources */,
				71585552228AEFFC005B6618 /* TempleMode.swift in Sources */,
				71585537228AE53F005B6618 /* VirtualFaceContent.swift in Sources */,
				71585550228AEFB5005B6618 /* SCNMaterial+Metals.swift in Sources */,
				71585514228AE049005B6618 /* AppDelegate.swift in Sources */,
				71585546228AE9D9005B6618 /* PlasticColor.swift in Sources */,
				7158553D228AE771005B6618 /* MaskModel.swift in Sources */,
				71585547228AE9D9005B6618 /* LensColor.swift in Sources */,
				7158552C228AE481005B6618 /* Geometry.swift in Sources */,
				71585532228AE4E1005B6618 /* FaceMeshNode.swift in Sources */,
			);
			runOnlyForDeploymentPostprocessing = 0;
		};
/* End PBXSourcesBuildPhase section */

/* Begin PBXVariantGroup section */
		71585519228AE049005B6618 /* Main.storyboard */ = {
			isa = PBXVariantGroup;
			children = (
				7158551A228AE049005B6618 /* Base */,
			);
			name = Main.storyboard;
			sourceTree = "<group>";
		};
		7158551E228AE04A005B6618 /* LaunchScreen.storyboard */ = {
			isa = PBXVariantGroup;
			children = (
				7158551F228AE04A005B6618 /* Base */,
			);
			name = LaunchScreen.storyboard;
			sourceTree = "<group>";
		};
/* End PBXVariantGroup section */

/* Begin XCBuildConfiguration section */
		71585522228AE04A005B6618 /* Debug */ = {
			isa = XCBuildConfiguration;
			buildSettings = {
				ALWAYS_SEARCH_USER_PATHS = NO;
				CLANG_ANALYZER_NONNULL = YES;
				CLANG_ANALYZER_NUMBER_OBJECT_CONVERSION = YES_AGGRESSIVE;
				CLANG_CXX_LANGUAGE_STANDARD = "gnu++14";
				CLANG_CXX_LIBRARY = "libc++";
				CLANG_ENABLE_MODULES = YES;
				CLANG_ENABLE_OBJC_ARC = YES;
				CLANG_ENABLE_OBJC_WEAK = YES;
				CLANG_WARN_BLOCK_CAPTURE_AUTORELEASING = YES;
				CLANG_WARN_BOOL_CONVERSION = YES;
				CLANG_WARN_COMMA = YES;
				CLANG_WARN_CONSTANT_CONVERSION = YES;
				CLANG_WARN_DEPRECATED_OBJC_IMPLEMENTATIONS = YES;
				CLANG_WARN_DIRECT_OBJC_ISA_USAGE = YES_ERROR;
				CLANG_WARN_DOCUMENTATION_COMMENTS = YES;
				CLANG_WARN_EMPTY_BODY = YES;
				CLANG_WARN_ENUM_CONVERSION = YES;
				CLANG_WARN_INFINITE_RECURSION = YES;
				CLANG_WARN_INT_CONVERSION = YES;
				CLANG_WARN_NON_LITERAL_NULL_CONVERSION = YES;
				CLANG_WARN_OBJC_IMPLICIT_RETAIN_SELF = YES;
				CLANG_WARN_OBJC_LITERAL_CONVERSION = YES;
				CLANG_WARN_OBJC_ROOT_CLASS = YES_ERROR;
				CLANG_WARN_QUOTED_INCLUDE_IN_FRAMEWORK_HEADER = YES;
				CLANG_WARN_RANGE_LOOP_ANALYSIS = YES;
				CLANG_WARN_STRICT_PROTOTYPES = YES;
				CLANG_WARN_SUSPICIOUS_MOVE = YES;
				CLANG_WARN_UNGUARDED_AVAILABILITY = YES_AGGRESSIVE;
				CLANG_WARN_UNREACHABLE_CODE = YES;
				CLANG_WARN__DUPLICATE_METHOD_MATCH = YES;
				CODE_SIGN_IDENTITY = "iPhone Developer";
				COPY_PHASE_STRIP = NO;
				DEBUG_INFORMATION_FORMAT = dwarf;
				ENABLE_STRICT_OBJC_MSGSEND = YES;
				ENABLE_TESTABILITY = YES;
				GCC_C_LANGUAGE_STANDARD = gnu11;
				GCC_DYNAMIC_NO_PIC = NO;
				GCC_NO_COMMON_BLOCKS = YES;
				GCC_OPTIMIZATION_LEVEL = 0;
				GCC_PREPROCESSOR_DEFINITIONS = (
					"DEBUG=1",
					"$(inherited)",
				);
				GCC_WARN_64_TO_32_BIT_CONVERSION = YES;
				GCC_WARN_ABOUT_RETURN_TYPE = YES_ERROR;
				GCC_WARN_UNDECLARED_SELECTOR = YES;
				GCC_WARN_UNINITIALIZED_AUTOS = YES_AGGRESSIVE;
				GCC_WARN_UNUSED_FUNCTION = YES;
				GCC_WARN_UNUSED_VARIABLE = YES;
				IPHONEOS_DEPLOYMENT_TARGET = 12.2;
				MTL_ENABLE_DEBUG_INFO = INCLUDE_SOURCE;
				MTL_FAST_MATH = YES;
				ONLY_ACTIVE_ARCH = YES;
				OTHER_SWIFT_FLAGS = "-Xfrontend -warn-long-function-bodies=300 -Xfrontend -warn-long-expression-type-checking=300";
				SDKROOT = iphoneos;
				SWIFT_ACTIVE_COMPILATION_CONDITIONS = DEBUG;
				SWIFT_OPTIMIZATION_LEVEL = "-Onone";
			};
			name = Debug;
		};
		71585523228AE04A005B6618 /* Release */ = {
			isa = XCBuildConfiguration;
			buildSettings = {
				ALWAYS_SEARCH_USER_PATHS = NO;
				CLANG_ANALYZER_NONNULL = YES;
				CLANG_ANALYZER_NUMBER_OBJECT_CONVERSION = YES_AGGRESSIVE;
				CLANG_CXX_LANGUAGE_STANDARD = "gnu++14";
				CLANG_CXX_LIBRARY = "libc++";
				CLANG_ENABLE_MODULES = YES;
				CLANG_ENABLE_OBJC_ARC = YES;
				CLANG_ENABLE_OBJC_WEAK = YES;
				CLANG_WARN_BLOCK_CAPTURE_AUTORELEASING = YES;
				CLANG_WARN_BOOL_CONVERSION = YES;
				CLANG_WARN_COMMA = YES;
				CLANG_WARN_CONSTANT_CONVERSION = YES;
				CLANG_WARN_DEPRECATED_OBJC_IMPLEMENTATIONS = YES;
				CLANG_WARN_DIRECT_OBJC_ISA_USAGE = YES_ERROR;
				CLANG_WARN_DOCUMENTATION_COMMENTS = YES;
				CLANG_WARN_EMPTY_BODY = YES;
				CLANG_WARN_ENUM_CONVERSION = YES;
				CLANG_WARN_INFINITE_RECURSION = YES;
				CLANG_WARN_INT_CONVERSION = YES;
				CLANG_WARN_NON_LITERAL_NULL_CONVERSION = YES;
				CLANG_WARN_OBJC_IMPLICIT_RETAIN_SELF = YES;
				CLANG_WARN_OBJC_LITERAL_CONVERSION = YES;
				CLANG_WARN_OBJC_ROOT_CLASS = YES_ERROR;
				CLANG_WARN_QUOTED_INCLUDE_IN_FRAMEWORK_HEADER = YES;
				CLANG_WARN_RANGE_LOOP_ANALYSIS = YES;
				CLANG_WARN_STRICT_PROTOTYPES = YES;
				CLANG_WARN_SUSPICIOUS_MOVE = YES;
				CLANG_WARN_UNGUARDED_AVAILABILITY = YES_AGGRESSIVE;
				CLANG_WARN_UNREACHABLE_CODE = YES;
				CLANG_WARN__DUPLICATE_METHOD_MATCH = YES;
				CODE_SIGN_IDENTITY = "iPhone Developer";
				COPY_PHASE_STRIP = NO;
				DEBUG_INFORMATION_FORMAT = "dwarf-with-dsym";
				ENABLE_NS_ASSERTIONS = NO;
				ENABLE_STRICT_OBJC_MSGSEND = YES;
				GCC_C_LANGUAGE_STANDARD = gnu11;
				GCC_NO_COMMON_BLOCKS = YES;
				GCC_WARN_64_TO_32_BIT_CONVERSION = YES;
				GCC_WARN_ABOUT_RETURN_TYPE = YES_ERROR;
				GCC_WARN_UNDECLARED_SELECTOR = YES;
				GCC_WARN_UNINITIALIZED_AUTOS = YES_AGGRESSIVE;
				GCC_WARN_UNUSED_FUNCTION = YES;
				GCC_WARN_UNUSED_VARIABLE = YES;
				IPHONEOS_DEPLOYMENT_TARGET = 12.2;
				MTL_ENABLE_DEBUG_INFO = NO;
				MTL_FAST_MATH = YES;
				OTHER_SWIFT_FLAGS = "-Xfrontend -warn-long-function-bodies=300 -Xfrontend -warn-long-expression-type-checking=300";
				SDKROOT = iphoneos;
				SWIFT_COMPILATION_MODE = wholemodule;
				SWIFT_OPTIMIZATION_LEVEL = "-O";
				VALIDATE_PRODUCT = YES;
			};
			name = Release;
		};
		71585525228AE04A005B6618 /* Debug */ = {
			isa = XCBuildConfiguration;
			baseConfigurationReference = 46A59D251E8669754506675B /* Pods-Oskar.debug.xcconfig */;
			buildSettings = {
				ASSETCATALOG_COMPILER_APPICON_NAME = AppIcon;
				CODE_SIGN_STYLE = Automatic;
				CURRENT_PROJECT_VERSION = 6;
				DEVELOPMENT_TEAM = FZLPC9NCT3;
				INFOPLIST_FILE = Oskar/Info.plist;
				LD_RUNPATH_SEARCH_PATHS = (
					"$(inherited)",
					"@executable_path/Frameworks",
				);
				PRODUCT_BUNDLE_IDENTIFIER = io.looc.Oskar;
				PRODUCT_NAME = "$(TARGET_NAME)";
				SWIFT_VERSION = 5.0;
				TARGETED_DEVICE_FAMILY = "1,2";
			};
			name = Debug;
		};
		71585526228AE04A005B6618 /* Release */ = {
			isa = XCBuildConfiguration;
			baseConfigurationReference = 7AB863BE7770AF24FB878263 /* Pods-Oskar.release.xcconfig */;
			buildSettings = {
				ASSETCATALOG_COMPILER_APPICON_NAME = AppIcon;
				CODE_SIGN_STYLE = Automatic;
				CURRENT_PROJECT_VERSION = 6;
				DEVELOPMENT_TEAM = FZLPC9NCT3;
				INFOPLIST_FILE = Oskar/Info.plist;
				LD_RUNPATH_SEARCH_PATHS = (
					"$(inherited)",
					"@executable_path/Frameworks",
				);
				PRODUCT_BUNDLE_IDENTIFIER = io.looc.Oskar;
				PRODUCT_NAME = "$(TARGET_NAME)";
				SWIFT_VERSION = 5.0;
				TARGETED_DEVICE_FAMILY = "1,2";
			};
			name = Release;
		};
/* End XCBuildConfiguration section */

/* Begin XCConfigurationList section */
		7158550B228AE049005B6618 /* Build configuration list for PBXProject "Oskar" */ = {
			isa = XCConfigurationList;
			buildConfigurations = (
				71585522228AE04A005B6618 /* Debug */,
				71585523228AE04A005B6618 /* Release */,
			);
			defaultConfigurationIsVisible = 0;
			defaultConfigurationName = Release;
		};
		71585524228AE04A005B6618 /* Build configuration list for PBXNativeTarget "Oskar" */ = {
			isa = XCConfigurationList;
			buildConfigurations = (
				71585525228AE04A005B6618 /* Debug */,
				71585526228AE04A005B6618 /* Release */,
			);
			defaultConfigurationIsVisible = 0;
			defaultConfigurationName = Release;
		};
/* End XCConfigurationList section */
	};
	rootObject = 71585508228AE049005B6618 /* Project object */;
}
